
Microsoft Visual Studio Solution File, Format Version 12.00
# Visual Studio Version 17
VisualStudioVersion = 17.5.33414.496
MinimumVisualStudioVersion = 10.0.40219.1
Project("{8BC9CEB8-8B4A-11D0-8D11-00A0C91BC942}") = "Sandbox", "Sandbox\Sandbox.vcxproj", "{04BAABCB-E9EB-4EF0-AC84-464584792695}"
EndProject
Project("{8BC9CEB8-8B4A-11D0-8D11-00A0C91BC942}") = "Hazel", "Hazel\Hazel.vcxproj", "{6BA8C623-5CD1-4BE6-923C-B7663A2B4D23}"
EndProject
Global
	GlobalSection(SolutionConfigurationPlatforms) = preSolution
		Debug|x64 = Debug|x64
		Release|x64 = Release|x64
	EndGlobalSection
	GlobalSection(ProjectConfigurationPlatforms) = postSolution
		{6BA8C623-5CD1-4BE6-923C-B7663A2B4D23}.Debug|x64.ActiveCfg = Debug|x64
		{6BA8C623-5CD1-4BE6-923C-B7663A2B4D23}.Debug|x64.Build.0 = Debug|x64
		{6BA8C623-5CD1-4BE6-923C-B7663A2B4D23}.Release|x64.ActiveCfg = Release|x64
		{6BA8C623-5CD1-4BE6-923C-B7663A2B4D23}.Release|x64.Build.0 = Release|x64
		{04BAABCB-E9EB-4EF0-AC84-464584792695}.Debug|x64.ActiveCfg = Debug|x64
		{04BAABCB-E9EB-4EF0-AC84-464584792695}.Debug|x64.Build.0 = Debug|x64
		{04BAABCB-E9EB-4EF0-AC84-464584792695}.Release|x64.ActiveCfg = Release|x64
		{04BAABCB-E9EB-4EF0-AC84-464584792695}.Release|x64.Build.0 = Release|x64
	EndGlobalSection
	GlobalSection(SolutionProperties) = preSolution
		HideSolutionNode = FALSE
	EndGlobalSection
	GlobalSection(ExtensibilityGlobals) = postSolution
		SolutionGuid = {E7708AC2-9A52-41EB-994C-8A34D3E3D952}
	EndGlobalSection
EndGlobal
